// !$*UTF8*$!
{
	archiveVersion = 1;
	classes = {
	};
	objectVersion = 46;
	objects = {

/* Begin PBXBuildFile section */
		A1AA27D11A8A6E5C006664B8 /* AppDelegate.swift in Sources */ = {isa = PBXBuildFile; fileRef = A1AA27D01A8A6E5C006664B8 /* AppDelegate.swift */; };
		A1AA27D31A8A6E5C006664B8 /* ViewController.swift in Sources */ = {isa = PBXBuildFile; fileRef = A1AA27D21A8A6E5C006664B8 /* ViewController.swift */; };
		A1AA27D61A8A6E5C006664B8 /* Main.storyboard in Resources */ = {isa = PBXBuildFile; fileRef = A1AA27D41A8A6E5C006664B8 /* Main.storyboard */; };
		A1AA27D81A8A6E5C006664B8 /* Images.xcassets in Resources */ = {isa = PBXBuildFile; fileRef = A1AA27D71A8A6E5C006664B8 /* Images.xcassets */; };
		A1AA27DB1A8A6E5C006664B8 /* LaunchScreen.xib in Resources */ = {isa = PBXBuildFile; fileRef = A1AA27D91A8A6E5C006664B8 /* LaunchScreen.xib */; };
		A1AA27F11A8A6EAF006664B8 /* RefreshSlide.framework in Frameworks */ = {isa = PBXBuildFile; fileRef = A1AA27F01A8A6EAF006664B8 /* RefreshSlide.framework */; };
		A1AA27F71A8A804A006664B8 /* icon.png in Resources */ = {isa = PBXBuildFile; fileRef = A1AA27F61A8A804A006664B8 /* icon.png */; };
/* End PBXBuildFile section */

/* Begin PBXFileReference section */
		A1AA27CB1A8A6E5C006664B8 /* Example.app */ = {isa = PBXFileReference; explicitFileType = wrapper.application; includeInIndex = 0; path = Example.app; sourceTree = BUILT_PRODUCTS_DIR; };
		A1AA27CF1A8A6E5C006664B8 /* Info.plist */ = {isa = PBXFileReference; lastKnownFileType = text.plist.xml; path = Info.plist; sourceTree = "<group>"; };
		A1AA27D01A8A6E5C006664B8 /* AppDelegate.swift */ = {isa = PBXFileReference; lastKnownFileType = sourcecode.swift; path = AppDelegate.swift; sourceTree = "<group>"; };
		A1AA27D21A8A6E5C006664B8 /* ViewController.swift */ = {isa = PBXFileReference; lastKnownFileType = sourcecode.swift; path = ViewController.swift; sourceTree = "<group>"; };
		A1AA27D51A8A6E5C006664B8 /* Base */ = {isa = PBXFileReference; lastKnownFileType = file.storyboard; name = Base; path = Base.lproj/Main.storyboard; sourceTree = "<group>"; };
		A1AA27D71A8A6E5C006664B8 /* Images.xcassets */ = {isa = PBXFileReference; lastKnownFileType = folder.assetcatalog; path = Images.xcassets; sourceTree = "<group>"; };
		A1AA27DA1A8A6E5C006664B8 /* Base */ = {isa = PBXFileReference; lastKnownFileType = file.xib; name = Base; path = Base.lproj/LaunchScreen.xib; sourceTree = "<group>"; };
		A1AA27F01A8A6EAF006664B8 /* RefreshSlide.framework */ = {isa = PBXFileReference; lastKnownFileType = wrapper.framework; name = RefreshSlide.framework; path = "build/Debug-iphoneos/RefreshSlide.framework"; sourceTree = "<group>"; };
		A1AA27F61A8A804A006664B8 /* icon.png */ = {isa = PBXFileReference; lastKnownFileType = image.png; path = icon.png; sourceTree = "<group>"; };
/* End PBXFileReference section */

/* Begin PBXFrameworksBuildPhase section */
		A1AA27C81A8A6E5C006664B8 /* Frameworks */ = {
			isa = PBXFrameworksBuildPhase;
			buildActionMask = 2147483647;
			files = (
				A1AA27F11A8A6EAF006664B8 /* RefreshSlide.framework in Frameworks */,
			);
			runOnlyForDeploymentPostprocessing = 0;
		};
/* End PBXFrameworksBuildPhase section */

/* Begin PBXGroup section */
		A1AA27C21A8A6E5C006664B8 = {
			isa = PBXGroup;
			children = (
				A1AA27F01A8A6EAF006664B8 /* RefreshSlide.framework */,
				A1AA27CD1A8A6E5C006664B8 /* Example */,
				A1AA27CC1A8A6E5C006664B8 /* Products */,
			);
			sourceTree = "<group>";
		};
		A1AA27CC1A8A6E5C006664B8 /* Products */ = {
			isa = PBXGroup;
			children = (
				A1AA27CB1A8A6E5C006664B8 /* Example.app */,
			);
			name = Products;
			sourceTree = "<group>";
		};
		A1AA27CD1A8A6E5C006664B8 /* Example */ = {
			isa = PBXGroup;
			children = (
				A1AA27D01A8A6E5C006664B8 /* AppDelegate.swift */,
				A1AA27D21A8A6E5C006664B8 /* ViewController.swift */,
				A1AA27D41A8A6E5C006664B8 /* Main.storyboard */,
				A1AA27D71A8A6E5C006664B8 /* Images.xcassets */,
				A1AA27D91A8A6E5C006664B8 /* LaunchScreen.xib */,
				A1AA27F61A8A804A006664B8 /* icon.png */,
				A1AA27CE1A8A6E5C006664B8 /* Supporting Files */,
			);
			path = Example;
			sourceTree = "<group>";
		};
		A1AA27CE1A8A6E5C006664B8 /* Supporting Files */ = {
			isa = PBXGroup;
			children = (
				A1AA27CF1A8A6E5C006664B8 /* Info.plist */,
			);
			name = "Supporting Files";
			sourceTree = "<group>";
		};
/* End PBXGroup section */

/* Begin PBXNativeTarget section */
		A1AA27CA1A8A6E5C006664B8 /* Example */ = {
			isa = PBXNativeTarget;
			buildConfigurationList = A1AA27EA1A8A6E5C006664B8 /* Build configuration list for PBXNativeTarget "Example" */;
			buildPhases = (
				A1AA27C71A8A6E5C006664B8 /* Sources */,
				A1AA27C81A8A6E5C006664B8 /* Frameworks */,
				A1AA27C91A8A6E5C006664B8 /* Resources */,
			);
			buildRules = (
			);
			dependencies = (
			);
			name = Example;
			productName = Example;
			productReference = A1AA27CB1A8A6E5C006664B8 /* Example.app */;
			productType = "com.apple.product-type.application";
		};
/* End PBXNativeTarget section */

/* Begin PBXProject section */
		A1AA27C31A8A6E5C006664B8 /* Project object */ = {
			isa = PBXProject;
			attributes = {
				LastUpgradeCheck = 0610;
				ORGANIZATIONNAME = "Hirohisa Kawasaki";
				TargetAttributes = {
					A1AA27CA1A8A6E5C006664B8 = {
						CreatedOnToolsVersion = 6.1.1;
					};
				};
			};
			buildConfigurationList = A1AA27C61A8A6E5C006664B8 /* Build configuration list for PBXProject "Example" */;
			compatibilityVersion = "Xcode 3.2";
			developmentRegion = English;
			hasScannedForEncodings = 0;
			knownRegions = (
				en,
				Base,
			);
			mainGroup = A1AA27C21A8A6E5C006664B8;
			productRefGroup = A1AA27CC1A8A6E5C006664B8 /* Products */;
			projectDirPath = "";
			projectRoot = "";
			targets = (
				A1AA27CA1A8A6E5C006664B8 /* Example */,
			);
		};
/* End PBXProject section */

/* Begin PBXResourcesBuildPhase section */
		A1AA27C91A8A6E5C006664B8 /* Resources */ = {
			isa = PBXResourcesBuildPhase;
			buildActionMask = 2147483647;
			files = (
				A1AA27F71A8A804A006664B8 /* icon.png in Resources */,
				A1AA27D61A8A6E5C006664B8 /* Main.storyboard in Resources */,
				A1AA27DB1A8A6E5C006664B8 /* LaunchScreen.xib in Resources */,
				A1AA27D81A8A6E5C006664B8 /* Images.xcassets in Resources */,
			);
			runOnlyForDeploymentPostprocessing = 0;
		};
/* End PBXResourcesBuildPhase section */

/* Begin PBXSourcesBuildPhase section */
		A1AA27C71A8A6E5C006664B8 /* Sources */ = {
			isa = PBXSourcesBuildPhase;
			buildActionMask = 2147483647;
			files = (
				A1AA27D31A8A6E5C006664B8 /* ViewController.swift in Sources */,
				A1AA27D11A8A6E5C006664B8 /* AppDelegate.swift in Sources */,
			);
			runOnlyForDeploymentPostprocessing = 0;
		};
/* End PBXSourcesBuildPhase section */

/* Begin PBXVariantGroup section */
		A1AA27D41A8A6E5C006664B8 /* Main.storyboard */ = {
			isa = PBXVariantGroup;
			children = (
				A1AA27D51A8A6E5C006664B8 /* Base */,
			);
			name = Main.storyboard;
			sourceTree = "<group>";
		};
		A1AA27D91A8A6E5C006664B8 /* LaunchScreen.xib */ = {
			isa = PBXVariantGroup;
			children = (
				A1AA27DA1A8A6E5C006664B8 /* Base */,
			);
			name = LaunchScreen.xib;
			sourceTree = "<group>";
		};
/* End PBXVariantGroup section */

/* Begin XCBuildConfiguration section */
		A1AA27E81A8A6E5C006664B8 /* Debug */ = {
			isa = XCBuildConfiguration;
			buildSettings = {
				ALWAYS_SEARCH_USER_PATHS = NO;
				CLANG_CXX_LANGUAGE_STANDARD = "gnu++0x";
				CLANG_CXX_LIBRARY = "libc++";
				CLANG_ENABLE_MODULES = YES;
				CLANG_ENABLE_OBJC_ARC = YES;
				CLANG_WARN_BOOL_CONVERSION = YES;
				CLANG_WARN_CONSTANT_CONVERSION = YES;
				CLANG_WARN_DIRECT_OBJC_ISA_USAGE = YES_ERROR;
				CLANG_WARN_EMPTY_BODY = YES;
				CLANG_WARN_ENUM_CONVERSION = YES;
				CLANG_WARN_INT_CONVERSION = YES;
				CLANG_WARN_OBJC_ROOT_CLASS = YES_ERROR;
				CLANG_WARN_UNREACHABLE_CODE = YES;
				CLANG_WARN__DUPLICATE_METHOD_MATCH = YES;
				"CODE_SIGN_IDENTITY[sdk=iphoneos*]" = "iPhone Developer";
				COPY_PHASE_STRIP = NO;
				ENABLE_STRICT_OBJC_MSGSEND = YES;
				GCC_C_LANGUAGE_STANDARD = gnu99;
				GCC_DYNAMIC_NO_PIC = NO;
				GCC_OPTIMIZATION_LEVEL = 0;
				GCC_PREPROCESSOR_DEFINITIONS = (
					"DEBUG=1",
					"$(inherited)",
				);
				GCC_SYMBOLS_PRIVATE_EXTERN = NO;
				GCC_WARN_64_TO_32_BIT_CONVERSION = YES;
				GCC_WARN_ABOUT_RETURN_TYPE = YES_ERROR;
				GCC_WARN_UNDECLARED_SELECTOR = YES;
				GCC_WARN_UNINITIALIZED_AUTOS = YES_AGGRESSIVE;
				GCC_WARN_UNUSED_FUNCTION = YES;
				GCC_WARN_UNUSED_VARIABLE = YES;
				IPHONEOS_DEPLOYMENT_TARGET = 8.1;
				MTL_ENABLE_DEBUG_INFO = YES;
				ONLY_ACTIVE_ARCH = YES;
				SDKROOT = iphoneos;
				SWIFT_OPTIMIZATION_LEVEL = "-Onone";
				TARGETED_DEVICE_FAMILY = "1,2";
			};
			name = Debug;
		};
		A1AA27E91A8A6E5C006664B8 /* Release */ = {
			isa = XCBuildConfiguration;
			buildSettings = {
				ALWAYS_SEARCH_USER_PATHS = NO;
				CLANG_CXX_LANGUAGE_STANDARD = "gnu++0x";
				CLANG_CXX_LIBRARY = "libc++";
				CLANG_ENABLE_MODULES = YES;
				CLANG_ENABLE_OBJC_ARC = YES;
				CLANG_WARN_BOOL_CONVERSION = YES;
				CLANG_WARN_CONSTANT_CONVERSION = YES;
				CLANG_WARN_DIRECT_OBJC_ISA_USAGE = YES_ERROR;
				CLANG_WARN_EMPTY_BODY = YES;
				CLANG_WARN_ENUM_CONVERSION = YES;
				CLANG_WARN_INT_CONVERSION = YES;
				CLANG_WARN_OBJC_ROOT_CLASS = YES_ERROR;
				CLANG_WARN_UNREACHABLE_CODE = YES;
				CLANG_WARN__DUPLICATE_METHOD_MATCH = YES;
				"CODE_SIGN_IDENTITY[sdk=iphoneos*]" = "iPhone Developer";
				COPY_PHASE_STRIP = YES;
				ENABLE_NS_ASSERTIONS = NO;
				ENABLE_STRICT_OBJC_MSGSEND = YES;
				GCC_C_LANGUAGE_STANDARD = gnu99;
				GCC_WARN_64_TO_32_BIT_CONVERSION = YES;
				GCC_WARN_ABOUT_RETURN_TYPE = YES_ERROR;
				GCC_WARN_UNDECLARED_SELECTOR = YES;
				GCC_WARN_UNINITIALIZED_AUTOS = YES_AGGRESSIVE;
				GCC_WARN_UNUSED_FUNCTION = YES;
				GCC_WARN_UNUSED_VARIABLE = YES;
				IPHONEOS_DEPLOYMENT_TARGET = 8.1;
				MTL_ENABLE_DEBUG_INFO = NO;
				SDKROOT = iphoneos;
				TARGETED_DEVICE_FAMILY = "1,2";
				VALIDATE_PRODUCT = YES;
			};
			name = Release;
		};
		A1AA27EB1A8A6E5C006664B8 /* Debug */ = {
			isa = XCBuildConfiguration;
			buildSettings = {
				ASSETCATALOG_COMPILER_APPICON_NAME = AppIcon;
				FRAMEWORK_SEARCH_PATHS = (
					"$(inherited)",
					"$(PROJECT_DIR)/build/Debug-iphoneos",
				);
				INFOPLIST_FILE = Example/Info.plist;
				LD_RUNPATH_SEARCH_PATHS = "$(inherited) @executable_path/Frameworks";
				PRODUCT_NAME = "$(TARGET_NAME)";
			};
			name = Debug;
		};
		A1AA27EC1A8A6E5C006664B8 /* Release */ = {
			isa = XCBuildConfiguration;
			buildSettings = {
				ASSETCATALOG_COMPILER_APPICON_NAME = AppIcon;
				FRAMEWORK_SEARCH_PATHS = (
					"$(inherited)",
					"$(PROJECT_DIR)/build/Debug-iphoneos",
				);
				INFOPLIST_FILE = Example/Info.plist;
				LD_RUNPATH_SEARCH_PATHS = "$(inherited) @executable_path/Frameworks";
				PRODUCT_NAME = "$(TARGET_NAME)";
			};
			name = Release;
		};
/* End XCBuildConfiguration section */

/* Begin XCConfigurationList section */
		A1AA27C61A8A6E5C006664B8 /* Build configuration list for PBXProject "Example" */ = {
			isa = XCConfigurationList;
			buildConfigurations = (
				A1AA27E81A8A6E5C006664B8 /* Debug */,
				A1AA27E91A8A6E5C006664B8 /* Release */,
			);
			defaultConfigurationIsVisible = 0;
			defaultConfigurationName = Release;
		};
		A1AA27EA1A8A6E5C006664B8 /* Build configuration list for PBXNativeTarget "Example" */ = {
			isa = XCConfigurationList;
			buildConfigurations = (
				A1AA27EB1A8A6E5C006664B8 /* Debug */,
				A1AA27EC1A8A6E5C006664B8 /* Release */,
			);
			defaultConfigurationIsVisible = 0;
			defaultConfigurationName = Release;
		};
/* End XCConfigurationList section */
	};
	rootObject = A1AA27C31A8A6E5C006664B8 /* Project object */;
}
